
Microsoft Visual Studio Solution File, Format Version 12.00
# Visual Studio Version 17
VisualStudioVersion = 17.14.36109.1 d17.14
MinimumVisualStudioVersion = 10.0.40219.1
Project("{8BC9CEB8-8B4A-11D0-8D11-00A0C91BC942}") = "c++核心编程", "c++核心编程\c++核心编程.vcxproj", "{4F60744E-3FF0-42F1-BB92-DF1534BEFBAE}"
EndProject
Global
	GlobalSection(SolutionConfigurationPlatforms) = preSolution
		Debug|x64 = Debug|x64
		Debug|x86 = Debug|x86
		Release|x64 = Release|x64
		Release|x86 = Release|x86
	EndGlobalSection
	GlobalSection(ProjectConfigurationPlatforms) = postSolution
		{4F60744E-3FF0-42F1-BB92-DF1534BEFBAE}.Debug|x64.ActiveCfg = Debug|x64
		{4F60744E-3FF0-42F1-BB92-DF1534BEFBAE}.Debug|x64.Build.0 = Debug|x64
		{4F60744E-3FF0-42F1-BB92-DF1534BEFBAE}.Debug|x86.ActiveCfg = Debug|Win32
		{4F60744E-3FF0-42F1-BB92-DF1534BEFBAE}.Debug|x86.Build.0 = Debug|Win32
		{4F60744E-3FF0-42F1-BB92-DF1534BEFBAE}.Release|x64.ActiveCfg = Release|x64
		{4F60744E-3FF0-42F1-BB92-DF1534BEFBAE}.Release|x64.Build.0 = Release|x64
		{4F60744E-3FF0-42F1-BB92-DF1534BEFBAE}.Release|x86.ActiveCfg = Release|Win32
		{4F60744E-3FF0-42F1-BB92-DF1534BEFBAE}.Release|x86.Build.0 = Release|Win32
	EndGlobalSection
	GlobalSection(SolutionProperties) = preSolution
		HideSolutionNode = FALSE
	EndGlobalSection
	GlobalSection(ExtensibilityGlobals) = postSolution
		SolutionGuid = {195269FB-BDE0-451E-AB67-764AA4FFB527}
	EndGlobalSection
EndGlobal
